
Microsoft Visual Studio Solution File, Format Version 12.00
# Visual Studio Version 16
VisualStudioVersion = 16.0.31829.152
MinimumVisualStudioVersion = 10.0.40219.1
Project("{FAE04EC0-301F-11D3-BF4B-00C04F79EFBC}") = "SystemIODirectoryConsoleApp", "SystemIODirectoryConsoleApp\SystemIODirectoryConsoleApp.csproj", "{7978080A-3C14-49A0-A5AA-25B1E3343B76}"
EndProject
Project("{FAE04EC0-301F-11D3-BF4B-00C04F79EFBC}") = "DirectoryConsole-AppOrnek", "DirectoryConsole-AppOrnek\DirectoryConsole-AppOrnek.csproj", "{769778E3-AC8B-4782-85A0-96CE0BDAE9F8}"
EndProject
Project("{FAE04EC0-301F-11D3-BF4B-00C04F79EFBC}") = "SystemIOFileConsoleApp", "SystemIOFileConsoleApp\SystemIOFileConsoleApp.csproj", "{D2DF8F74-ECB3-495F-AED0-4A276FC47645}"
EndProject
Project("{FAE04EC0-301F-11D3-BF4B-00C04F79EFBC}") = "BinarySerializationFormApp", "BinarySerializationFormApp\BinarySerializationFormApp.csproj", "{A8EA236A-D01B-4365-AA3C-8085D17A5150}"
EndProject
Project("{FAE04EC0-301F-11D3-BF4B-00C04F79EFBC}") = "SystemIOWindowsFormApp", "SystemIOWindowFormApp\SystemIOWindowsFormApp.csproj", "{44ECC3BF-91B5-447B-9D92-A65681B3D4E7}"
EndProject
Global
	GlobalSection(SolutionConfigurationPlatforms) = preSolution
		Debug|Any CPU = Debug|Any CPU
		Release|Any CPU = Release|Any CPU
	EndGlobalSection
	GlobalSection(ProjectConfigurationPlatforms) = postSolution
		{7978080A-3C14-49A0-A5AA-25B1E3343B76}.Debug|Any CPU.ActiveCfg = Debug|Any CPU
		{7978080A-3C14-49A0-A5AA-25B1E3343B76}.Debug|Any CPU.Build.0 = Debug|Any CPU
		{7978080A-3C14-49A0-A5AA-25B1E3343B76}.Release|Any CPU.ActiveCfg = Release|Any CPU
		{7978080A-3C14-49A0-A5AA-25B1E3343B76}.Release|Any CPU.Build.0 = Release|Any CPU
		{769778E3-AC8B-4782-85A0-96CE0BDAE9F8}.Debug|Any CPU.ActiveCfg = Debug|Any CPU
		{769778E3-AC8B-4782-85A0-96CE0BDAE9F8}.Debug|Any CPU.Build.0 = Debug|Any CPU
		{769778E3-AC8B-4782-85A0-96CE0BDAE9F8}.Release|Any CPU.ActiveCfg = Release|Any CPU
		{769778E3-AC8B-4782-85A0-96CE0BDAE9F8}.Release|Any CPU.Build.0 = Release|Any CPU
		{D2DF8F74-ECB3-495F-AED0-4A276FC47645}.Debug|Any CPU.ActiveCfg = Debug|Any CPU
		{D2DF8F74-ECB3-495F-AED0-4A276FC47645}.Debug|Any CPU.Build.0 = Debug|Any CPU
		{D2DF8F74-ECB3-495F-AED0-4A276FC47645}.Release|Any CPU.ActiveCfg = Release|Any CPU
		{D2DF8F74-ECB3-495F-AED0-4A276FC47645}.Release|Any CPU.Build.0 = Release|Any CPU
		{A8EA236A-D01B-4365-AA3C-8085D17A5150}.Debug|Any CPU.ActiveCfg = Debug|Any CPU
		{A8EA236A-D01B-4365-AA3C-8085D17A5150}.Debug|Any CPU.Build.0 = Debug|Any CPU
		{A8EA236A-D01B-4365-AA3C-8085D17A5150}.Release|Any CPU.ActiveCfg = Release|Any CPU
		{A8EA236A-D01B-4365-AA3C-8085D17A5150}.Release|Any CPU.Build.0 = Release|Any CPU
		{44ECC3BF-91B5-447B-9D92-A65681B3D4E7}.Debug|Any CPU.ActiveCfg = Debug|Any CPU
		{44ECC3BF-91B5-447B-9D92-A65681B3D4E7}.Debug|Any CPU.Build.0 = Debug|Any CPU
		{44ECC3BF-91B5-447B-9D92-A65681B3D4E7}.Release|Any CPU.ActiveCfg = Release|Any CPU
		{44ECC3BF-91B5-447B-9D92-A65681B3D4E7}.Release|Any CPU.Build.0 = Release|Any CPU
	EndGlobalSection
	GlobalSection(SolutionProperties) = preSolution
		HideSolutionNode = FALSE
	EndGlobalSection
	GlobalSection(ExtensibilityGlobals) = postSolution
		SolutionGuid = {1CE27507-E1A9-410B-8458-CCB16787C4AE}
	EndGlobalSection
EndGlobal
